// !$*UTF8*$!
{
	archiveVersion = 1;
	classes = {
	};
	objectVersion = 46;
	objects = {

/* Begin PBXBuildFile section */
		DEA0BDAE1DE4E72F00C0C65D /* AppDelegate.swift in Sources */ = {isa = PBXBuildFile; fileRef = DEA0BDAD1DE4E72F00C0C65D /* AppDelegate.swift */; };
		DEA0BDB01DE4E72F00C0C65D /* ViewController.swift in Sources */ = {isa = PBXBuildFile; fileRef = DEA0BDAF1DE4E72F00C0C65D /* ViewController.swift */; };
		DEA0BDB31DE4E72F00C0C65D /* Main.storyboard in Resources */ = {isa = PBXBuildFile; fileRef = DEA0BDB11DE4E72F00C0C65D /* Main.storyboard */; };
		DEA0BDB51DE4E72F00C0C65D /* Assets.xcassets in Resources */ = {isa = PBXBuildFile; fileRef = DEA0BDB41DE4E72F00C0C65D /* Assets.xcassets */; };
		DEA0BDB81DE4E72F00C0C65D /* LaunchScreen.storyboard in Resources */ = {isa = PBXBuildFile; fileRef = DEA0BDB61DE4E72F00C0C65D /* LaunchScreen.storyboard */; };
		DEA0BDC31DE4E73000C0C65D /* iMNISTTests.swift in Sources */ = {isa = PBXBuildFile; fileRef = DEA0BDC21DE4E73000C0C65D /* iMNISTTests.swift */; };
/* End PBXBuildFile section */

/* Begin PBXContainerItemProxy section */
		DEA0BDBF1DE4E73000C0C65D /* PBXContainerItemProxy */ = {
			isa = PBXContainerItemProxy;
			containerPortal = DEA0BDA21DE4E72F00C0C65D /* Project object */;
			proxyType = 1;
			remoteGlobalIDString = DEA0BDA91DE4E72F00C0C65D;
			remoteInfo = iMNIST;
		};
/* End PBXContainerItemProxy section */

/* Begin PBXFileReference section */
		DEA0BDAA1DE4E72F00C0C65D /* iMNIST.app */ = {isa = PBXFileReference; explicitFileType = wrapper.application; includeInIndex = 0; path = iMNIST.app; sourceTree = BUILT_PRODUCTS_DIR; };
		DEA0BDAD1DE4E72F00C0C65D /* AppDelegate.swift */ = {isa = PBXFileReference; lastKnownFileType = sourcecode.swift; path = AppDelegate.swift; sourceTree = "<group>"; };
		DEA0BDAF1DE4E72F00C0C65D /* ViewController.swift */ = {isa = PBXFileReference; lastKnownFileType = sourcecode.swift; path = ViewController.swift; sourceTree = "<group>"; };
		DEA0BDB21DE4E72F00C0C65D /* Base */ = {isa = PBXFileReference; lastKnownFileType = file.storyboard; name = Base; path = Base.lproj/Main.storyboard; sourceTree = "<group>"; };
		DEA0BDB41DE4E72F00C0C65D /* Assets.xcassets */ = {isa = PBXFileReference; lastKnownFileType = folder.assetcatalog; path = Assets.xcassets; sourceTree = "<group>"; };
		DEA0BDB71DE4E72F00C0C65D /* Base */ = {isa = PBXFileReference; lastKnownFileType = file.storyboard; name = Base; path = Base.lproj/LaunchScreen.storyboard; sourceTree = "<group>"; };
		DEA0BDB91DE4E72F00C0C65D /* Info.plist */ = {isa = PBXFileReference; lastKnownFileType = text.plist.xml; path = Info.plist; sourceTree = "<group>"; };
		DEA0BDBE1DE4E73000C0C65D /* iMNISTTests.xctest */ = {isa = PBXFileReference; explicitFileType = wrapper.cfbundle; includeInIndex = 0; path = iMNISTTests.xctest; sourceTree = BUILT_PRODUCTS_DIR; };
		DEA0BDC21DE4E73000C0C65D /* iMNISTTests.swift */ = {isa = PBXFileReference; lastKnownFileType = sourcecode.swift; path = iMNISTTests.swift; sourceTree = "<group>"; };
		DEA0BDC41DE4E73000C0C65D /* Info.plist */ = {isa = PBXFileReference; lastKnownFileType = text.plist.xml; path = Info.plist; sourceTree = "<group>"; };
/* End PBXFileReference section */

/* Begin PBXFrameworksBuildPhase section */
		DEA0BDA71DE4E72F00C0C65D /* Frameworks */ = {
			isa = PBXFrameworksBuildPhase;
			buildActionMask = 2147483647;
			files = (
			);
			runOnlyForDeploymentPostprocessing = 0;
		};
		DEA0BDBB1DE4E73000C0C65D /* Frameworks */ = {
			isa = PBXFrameworksBuildPhase;
			buildActionMask = 2147483647;
			files = (
			);
			runOnlyForDeploymentPostprocessing = 0;
		};
/* End PBXFrameworksBuildPhase section */

/* Begin PBXGroup section */
		DEA0BDA11DE4E72F00C0C65D = {
			isa = PBXGroup;
			children = (
				DEA0BDAC1DE4E72F00C0C65D /* iMNIST */,
				DEA0BDC11DE4E73000C0C65D /* iMNISTTests */,
				DEA0BDAB1DE4E72F00C0C65D /* Products */,
			);
			sourceTree = "<group>";
		};
		DEA0BDAB1DE4E72F00C0C65D /* Products */ = {
			isa = PBXGroup;
			children = (
				DEA0BDAA1DE4E72F00C0C65D /* iMNIST.app */,
				DEA0BDBE1DE4E73000C0C65D /* iMNISTTests.xctest */,
			);
			name = Products;
			sourceTree = "<group>";
		};
		DEA0BDAC1DE4E72F00C0C65D /* iMNIST */ = {
			isa = PBXGroup;
			children = (
				DEA0BDAD1DE4E72F00C0C65D /* AppDelegate.swift */,
				DEA0BDAF1DE4E72F00C0C65D /* ViewController.swift */,
				DEA0BDB11DE4E72F00C0C65D /* Main.storyboard */,
				DEA0BDB41DE4E72F00C0C65D /* Assets.xcassets */,
				DEA0BDB61DE4E72F00C0C65D /* LaunchScreen.storyboard */,
				DEA0BDB91DE4E72F00C0C65D /* Info.plist */,
			);
			path = iMNIST;
			sourceTree = "<group>";
		};
		DEA0BDC11DE4E73000C0C65D /* iMNISTTests */ = {
			isa = PBXGroup;
			children = (
				DEA0BDC21DE4E73000C0C65D /* iMNISTTests.swift */,
				DEA0BDC41DE4E73000C0C65D /* Info.plist */,
			);
			path = iMNISTTests;
			sourceTree = "<group>";
		};
/* End PBXGroup section */

/* Begin PBXNativeTarget section */
		DEA0BDA91DE4E72F00C0C65D /* iMNIST */ = {
			isa = PBXNativeTarget;
			buildConfigurationList = DEA0BDC71DE4E73000C0C65D /* Build configuration list for PBXNativeTarget "iMNIST" */;
			buildPhases = (
				DEA0BDA61DE4E72F00C0C65D /* Sources */,
				DEA0BDA71DE4E72F00C0C65D /* Frameworks */,
				DEA0BDA81DE4E72F00C0C65D /* Resources */,
			);
			buildRules = (
			);
			dependencies = (
			);
			name = iMNIST;
			productName = iMNIST;
			productReference = DEA0BDAA1DE4E72F00C0C65D /* iMNIST.app */;
			productType = "com.apple.product-type.application";
		};
		DEA0BDBD1DE4E73000C0C65D /* iMNISTTests */ = {
			isa = PBXNativeTarget;
			buildConfigurationList = DEA0BDCA1DE4E73000C0C65D /* Build configuration list for PBXNativeTarget "iMNISTTests" */;
			buildPhases = (
				DEA0BDBA1DE4E73000C0C65D /* Sources */,
				DEA0BDBB1DE4E73000C0C65D /* Frameworks */,
				DEA0BDBC1DE4E73000C0C65D /* Resources */,
			);
			buildRules = (
			);
			dependencies = (
				DEA0BDC01DE4E73000C0C65D /* PBXTargetDependency */,
			);
			name = iMNISTTests;
			productName = iMNISTTests;
			productReference = DEA0BDBE1DE4E73000C0C65D /* iMNISTTests.xctest */;
			productType = "com.apple.product-type.bundle.unit-test";
		};
/* End PBXNativeTarget section */

/* Begin PBXProject section */
		DEA0BDA21DE4E72F00C0C65D /* Project object */ = {
			isa = PBXProject;
			attributes = {
				LastSwiftUpdateCheck = 0800;
				LastUpgradeCheck = 0800;
				ORGANIZATIONNAME = KEVIN;
				TargetAttributes = {
					DEA0BDA91DE4E72F00C0C65D = {
						CreatedOnToolsVersion = 8.0;
						DevelopmentTeam = 87MBRGVD5R;
						ProvisioningStyle = Automatic;
					};
					DEA0BDBD1DE4E73000C0C65D = {
						CreatedOnToolsVersion = 8.0;
						DevelopmentTeam = 87MBRGVD5R;
						ProvisioningStyle = Automatic;
						TestTargetID = DEA0BDA91DE4E72F00C0C65D;
					};
				};
			};
			buildConfigurationList = DEA0BDA51DE4E72F00C0C65D /* Build configuration list for PBXProject "iMNIST" */;
			compatibilityVersion = "Xcode 3.2";
			developmentRegion = English;
			hasScannedForEncodings = 0;
			knownRegions = (
				en,
				Base,
			);
			mainGroup = DEA0BDA11DE4E72F00C0C65D;
			productRefGroup = DEA0BDAB1DE4E72F00C0C65D /* Products */;
			projectDirPath = "";
			projectRoot = "";
			targets = (
				DEA0BDA91DE4E72F00C0C65D /* iMNIST */,
				DEA0BDBD1DE4E73000C0C65D /* iMNISTTests */,
			);
		};
/* End PBXProject section */

/* Begin PBXResourcesBuildPhase section */
		DEA0BDA81DE4E72F00C0C65D /* Resources */ = {
			isa = PBXResourcesBuildPhase;
			buildActionMask = 2147483647;
			files = (
				DEA0BDB81DE4E72F00C0C65D /* LaunchScreen.storyboard in Resources */,
				DEA0BDB51DE4E72F00C0C65D /* Assets.xcassets in Resources */,
				DEA0BDB31DE4E72F00C0C65D /* Main.storyboard in Resources */,
			);
			runOnlyForDeploymentPostprocessing = 0;
		};
		DEA0BDBC1DE4E73000C0C65D /* Resources */ = {
			isa = PBXResourcesBuildPhase;
			buildActionMask = 2147483647;
			files = (
			);
			runOnlyForDeploymentPostprocessing = 0;
		};
/* End PBXResourcesBuildPhase section */

/* Begin PBXSourcesBuildPhase section */
		DEA0BDA61DE4E72F00C0C65D /* Sources */ = {
			isa = PBXSourcesBuildPhase;
			buildActionMask = 2147483647;
			files = (
				DEA0BDB01DE4E72F00C0C65D /* ViewController.swift in Sources */,
				DEA0BDAE1DE4E72F00C0C65D /* AppDelegate.swift in Sources */,
			);
			runOnlyForDeploymentPostprocessing = 0;
		};
		DEA0BDBA1DE4E73000C0C65D /* Sources */ = {
			isa = PBXSourcesBuildPhase;
			buildActionMask = 2147483647;
			files = (
				DEA0BDC31DE4E73000C0C65D /* iMNISTTests.swift in Sources */,
			);
			runOnlyForDeploymentPostprocessing = 0;
		};
/* End PBXSourcesBuildPhase section */

/* Begin PBXTargetDependency section */
		DEA0BDC01DE4E73000C0C65D /* PBXTargetDependency */ = {
			isa = PBXTargetDependency;
			target = DEA0BDA91DE4E72F00C0C65D /* iMNIST */;
			targetProxy = DEA0BDBF1DE4E73000C0C65D /* PBXContainerItemProxy */;
		};
/* End PBXTargetDependency section */

/* Begin PBXVariantGroup section */
		DEA0BDB11DE4E72F00C0C65D /* Main.storyboard */ = {
			isa = PBXVariantGroup;
			children = (
				DEA0BDB21DE4E72F00C0C65D /* Base */,
			);
			name = Main.storyboard;
			sourceTree = "<group>";
		};
		DEA0BDB61DE4E72F00C0C65D /* LaunchScreen.storyboard */ = {
			isa = PBXVariantGroup;
			children = (
				DEA0BDB71DE4E72F00C0C65D /* Base */,
			);
			name = LaunchScreen.storyboard;
			sourceTree = "<group>";
		};
/* End PBXVariantGroup section */

/* Begin XCBuildConfiguration section */
		DEA0BDC51DE4E73000C0C65D /* Debug */ = {
			isa = XCBuildConfiguration;
			buildSettings = {
				ALWAYS_SEARCH_USER_PATHS = NO;
				CLANG_ANALYZER_NONNULL = YES;
				CLANG_CXX_LANGUAGE_STANDARD = "gnu++0x";
				CLANG_CXX_LIBRARY = "libc++";
				CLANG_ENABLE_MODULES = YES;
				CLANG_ENABLE_OBJC_ARC = YES;
				CLANG_WARN_BOOL_CONVERSION = YES;
				CLANG_WARN_CONSTANT_CONVERSION = YES;
				CLANG_WARN_DIRECT_OBJC_ISA_USAGE = YES_ERROR;
				CLANG_WARN_DOCUMENTATION_COMMENTS = YES;
				CLANG_WARN_EMPTY_BODY = YES;
				CLANG_WARN_ENUM_CONVERSION = YES;
				CLANG_WARN_INFINITE_RECURSION = YES;
				CLANG_WARN_INT_CONVERSION = YES;
				CLANG_WARN_OBJC_ROOT_CLASS = YES_ERROR;
				CLANG_WARN_SUSPICIOUS_MOVES = YES;
				CLANG_WARN_UNREACHABLE_CODE = YES;
				CLANG_WARN__DUPLICATE_METHOD_MATCH = YES;
				"CODE_SIGN_IDENTITY[sdk=iphoneos*]" = "iPhone Developer";
				COPY_PHASE_STRIP = NO;
				DEBUG_INFORMATION_FORMAT = dwarf;
				ENABLE_STRICT_OBJC_MSGSEND = YES;
				ENABLE_TESTABILITY = YES;
				GCC_C_LANGUAGE_STANDARD = gnu99;
				GCC_DYNAMIC_NO_PIC = NO;
				GCC_NO_COMMON_BLOCKS = YES;
				GCC_OPTIMIZATION_LEVEL = 0;
				GCC_PREPROCESSOR_DEFINITIONS = (
					"DEBUG=1",
					"$(inherited)",
				);
				GCC_WARN_64_TO_32_BIT_CONVERSION = YES;
				GCC_WARN_ABOUT_RETURN_TYPE = YES_ERROR;
				GCC_WARN_UNDECLARED_SELECTOR = YES;
				GCC_WARN_UNINITIALIZED_AUTOS = YES_AGGRESSIVE;
				GCC_WARN_UNUSED_FUNCTION = YES;
				GCC_WARN_UNUSED_VARIABLE = YES;
				IPHONEOS_DEPLOYMENT_TARGET = 10.0;
				MTL_ENABLE_DEBUG_INFO = YES;
				ONLY_ACTIVE_ARCH = YES;
				SDKROOT = iphoneos;
				SWIFT_ACTIVE_COMPILATION_CONDITIONS = DEBUG;
				SWIFT_OPTIMIZATION_LEVEL = "-Onone";
				TARGETED_DEVICE_FAMILY = "1,2";
			};
			name = Debug;
		};
		DEA0BDC61DE4E73000C0C65D /* Release */ = {
			isa = XCBuildConfiguration;
			buildSettings = {
				ALWAYS_SEARCH_USER_PATHS = NO;
				CLANG_ANALYZER_NONNULL = YES;
				CLANG_CXX_LANGUAGE_STANDARD = "gnu++0x";
				CLANG_CXX_LIBRARY = "libc++";
				CLANG_ENABLE_MODULES = YES;
				CLANG_ENABLE_OBJC_ARC = YES;
				CLANG_WARN_BOOL_CONVERSION = YES;
				CLANG_WARN_CONSTANT_CONVERSION = YES;
				CLANG_WARN_DIRECT_OBJC_ISA_USAGE = YES_ERROR;
				CLANG_WARN_DOCUMENTATION_COMMENTS = YES;
				CLANG_WARN_EMPTY_BODY = YES;
				CLANG_WARN_ENUM_CONVERSION = YES;
				CLANG_WARN_INFINITE_RECURSION = YES;
				CLANG_WARN_INT_CONVERSION = YES;
				CLANG_WARN_OBJC_ROOT_CLASS = YES_ERROR;
				CLANG_WARN_SUSPICIOUS_MOVES = YES;
				CLANG_WARN_UNREACHABLE_CODE = YES;
				CLANG_WARN__DUPLICATE_METHOD_MATCH = YES;
				"CODE_SIGN_IDENTITY[sdk=iphoneos*]" = "iPhone Developer";
				COPY_PHASE_STRIP = NO;
				DEBUG_INFORMATION_FORMAT = "dwarf-with-dsym";
				ENABLE_NS_ASSERTIONS = NO;
				ENABLE_STRICT_OBJC_MSGSEND = YES;
				GCC_C_LANGUAGE_STANDARD = gnu99;
				GCC_NO_COMMON_BLOCKS = YES;
				GCC_WARN_64_TO_32_BIT_CONVERSION = YES;
				GCC_WARN_ABOUT_RETURN_TYPE = YES_ERROR;
				GCC_WARN_UNDECLARED_SELECTOR = YES;
				GCC_WARN_UNINITIALIZED_AUTOS = YES_AGGRESSIVE;
				GCC_WARN_UNUSED_FUNCTION = YES;
				GCC_WARN_UNUSED_VARIABLE = YES;
				IPHONEOS_DEPLOYMENT_TARGET = 10.0;
				MTL_ENABLE_DEBUG_INFO = NO;
				SDKROOT = iphoneos;
				SWIFT_OPTIMIZATION_LEVEL = "-Owholemodule";
				TARGETED_DEVICE_FAMILY = "1,2";
				VALIDATE_PRODUCT = YES;
			};
			name = Release;
		};
		DEA0BDC81DE4E73000C0C65D /* Debug */ = {
			isa = XCBuildConfiguration;
			buildSettings = {
				ASSETCATALOG_COMPILER_APPICON_NAME = AppIcon;
				DEVELOPMENT_TEAM = 87MBRGVD5R;
				INFOPLIST_FILE = iMNIST/Info.plist;
				LD_RUNPATH_SEARCH_PATHS = "$(inherited) @executable_path/Frameworks";
				PRODUCT_BUNDLE_IDENTIFIER = fr.kpitolin.iMNIST;
				PRODUCT_NAME = "$(TARGET_NAME)";
				SWIFT_VERSION = 3.0;
			};
			name = Debug;
		};
		DEA0BDC91DE4E73000C0C65D /* Release */ = {
			isa = XCBuildConfiguration;
			buildSettings = {
				ASSETCATALOG_COMPILER_APPICON_NAME = AppIcon;
				DEVELOPMENT_TEAM = 87MBRGVD5R;
				INFOPLIST_FILE = iMNIST/Info.plist;
				LD_RUNPATH_SEARCH_PATHS = "$(inherited) @executable_path/Frameworks";
				PRODUCT_BUNDLE_IDENTIFIER = fr.kpitolin.iMNIST;
				PRODUCT_NAME = "$(TARGET_NAME)";
				SWIFT_VERSION = 3.0;
			};
			name = Release;
		};
		DEA0BDCB1DE4E73000C0C65D /* Debug */ = {
			isa = XCBuildConfiguration;
			buildSettings = {
				ALWAYS_EMBED_SWIFT_STANDARD_LIBRARIES = YES;
				BUNDLE_LOADER = "$(TEST_HOST)";
				DEVELOPMENT_TEAM = 87MBRGVD5R;
				INFOPLIST_FILE = iMNISTTests/Info.plist;
				LD_RUNPATH_SEARCH_PATHS = "$(inherited) @executable_path/Frameworks @loader_path/Frameworks";
				PRODUCT_BUNDLE_IDENTIFIER = fr.kpitolin.iMNISTTests;
				PRODUCT_NAME = "$(TARGET_NAME)";
				SWIFT_VERSION = 3.0;
				TEST_HOST = "$(BUILT_PRODUCTS_DIR)/iMNIST.app/iMNIST";
			};
			name = Debug;
		};
		DEA0BDCC1DE4E73000C0C65D /* Release */ = {
			isa = XCBuildConfiguration;
			buildSettings = {
				ALWAYS_EMBED_SWIFT_STANDARD_LIBRARIES = YES;
				BUNDLE_LOADER = "$(TEST_HOST)";
				DEVELOPMENT_TEAM = 87MBRGVD5R;
				INFOPLIST_FILE = iMNISTTests/Info.plist;
				LD_RUNPATH_SEARCH_PATHS = "$(inherited) @executable_path/Frameworks @loader_path/Frameworks";
				PRODUCT_BUNDLE_IDENTIFIER = fr.kpitolin.iMNISTTests;
				PRODUCT_NAME = "$(TARGET_NAME)";
				SWIFT_VERSION = 3.0;
				TEST_HOST = "$(BUILT_PRODUCTS_DIR)/iMNIST.app/iMNIST";
			};
			name = Release;
		};
/* End XCBuildConfiguration section */

/* Begin XCConfigurationList section */
		DEA0BDA51DE4E72F00C0C65D /* Build configuration list for PBXProject "iMNIST" */ = {
			isa = XCConfigurationList;
			buildConfigurations = (
				DEA0BDC51DE4E73000C0C65D /* Debug */,
				DEA0BDC61DE4E73000C0C65D /* Release */,
			);
			defaultConfigurationIsVisible = 0;
			defaultConfigurationName = Release;
		};
		DEA0BDC71DE4E73000C0C65D /* Build configuration list for PBXNativeTarget "iMNIST" */ = {
			isa = XCConfigurationList;
			buildConfigurations = (
				DEA0BDC81DE4E73000C0C65D /* Debug */,
				DEA0BDC91DE4E73000C0C65D /* Release */,
			);
			defaultConfigurationIsVisible = 0;
			defaultConfigurationName = Release;
		};
		DEA0BDCA1DE4E73000C0C65D /* Build configuration list for PBXNativeTarget "iMNISTTests" */ = {
			isa = XCConfigurationList;
			buildConfigurations = (
				DEA0BDCB1DE4E73000C0C65D /* Debug */,
				DEA0BDCC1DE4E73000C0C65D /* Release */,
			);
			defaultConfigurationIsVisible = 0;
			defaultConfigurationName = Release;
		};
/* End XCConfigurationList section */
	};
	rootObject = DEA0BDA21DE4E72F00C0C65D /* Project object */;
}
